# This file was autogenerated by Stack.
# You should not edit this file by hand.
# For more information, please see the documentation at:
#   https://docs.haskellstack.org/en/stable/lock_files

packages:
- completed:
    hackage: language-javascript-0.7.0.0@sha256:3eab0262b8ac5621936a4beab6a0f97d0e00a63455a8b0e3ac1547b4088dae7d,3898
    pantry-tree:
      size: 2244
      sha256: b0f28d836cb3fbde203fd7318a896c3a20acd8653a905e1950ae2d9a64bccebf
  original:
    hackage: language-javascript-0.7.0.0
- completed:
    size: 710594
    subdir: lib/purescript-cst
    url: https://github.com/purescript/purescript/archive/v0.14.3.tar.gz
    name: purescript-cst
    version: 0.3.0.0
    sha256: cce5db1bf4980e239b7986290f56e5bc14bacdafb11b3857671638b324e65a21
    pantry-tree:
      size: 3018
      sha256: 55486cc019d034e2972a19e745727b33c9b5259d3ac2c0421651ce273d1096f3
  original:
    subdir: lib/purescript-cst
    url: https://github.com/purescript/purescript/archive/v0.14.3.tar.gz
- completed:
    size: 710594
    subdir: .
    url: https://github.com/purescript/purescript/archive/v0.14.3.tar.gz
    name: purescript
    version: 0.14.3
    sha256: cce5db1bf4980e239b7986290f56e5bc14bacdafb11b3857671638b324e65a21
    pantry-tree:
      size: 125562
      sha256: 0d4e2ddb048b2dbee1ef3946b55e3e7d291d429e23c723886412c6fd52e46b23
  original:
    subdir: .
    url: https://github.com/purescript/purescript/archive/v0.14.3.tar.gz
snapshots:
- completed:
    size: 565712
    url: https://raw.githubusercontent.com/commercialhaskell/stackage-snapshots/master/lts/17/6.yaml
    sha256: 4e5e581a709c88e3fe26a9ce8bf331435729bead762fb5c190064c6c5bb1b835
  original: lts-17.6
