# This file was autogenerated by Stack.
# You should not edit this file by hand.
# For more information, please see the documentation at:
#   https://docs.haskellstack.org/en/stable/lock_files

packages:
- completed:
    hackage: language-javascript-0.7.0.0@sha256:3eab0262b8ac5621936a4beab6a0f97d0e00a63455a8b0e3ac1547b4088dae7d,3898
    pantry-tree:
      size: 2244
      sha256: b0f28d836cb3fbde203fd7318a896c3a20acd8653a905e1950ae2d9a64bccebf
  original:
    hackage: language-javascript-0.7.0.0
- completed:
    size: 703689
    subdir: lib/purescript-ast
    url: https://github.com/purescript/purescript/archive/v0.14.1.tar.gz
    name: purescript-ast
    version: 0.1.1.0
    sha256: d44f797124ce07f4e7102a6129e851e89a4529adbc804c48c758bed9881a8d32
    pantry-tree:
      size: 1827
      sha256: 0159dc736c923a69f302ae537e873ab75c2d56772c81329d78e93195be3c9ecb
  original:
    subdir: lib/purescript-ast
    url: https://github.com/purescript/purescript/archive/v0.14.1.tar.gz
- completed:
    size: 703689
    subdir: lib/purescript-cst
    url: https://github.com/purescript/purescript/archive/v0.14.1.tar.gz
    name: purescript-cst
    version: 0.1.1.0
    sha256: d44f797124ce07f4e7102a6129e851e89a4529adbc804c48c758bed9881a8d32
    pantry-tree:
      size: 3197
      sha256: 253755ed731909a3cb3785f5146c535f2babf66d5cdfa72f2e281df9203b9904
  original:
    subdir: lib/purescript-cst
    url: https://github.com/purescript/purescript/archive/v0.14.1.tar.gz
- completed:
    size: 703689
    subdir: .
    url: https://github.com/purescript/purescript/archive/v0.14.1.tar.gz
    name: purescript
    version: 0.14.1
    sha256: d44f797124ce07f4e7102a6129e851e89a4529adbc804c48c758bed9881a8d32
    pantry-tree:
      size: 124048
      sha256: 02ff29ab4d66af2d715043a0c1f3a874f6fdc823ad64dc0aa96e49f1fb2ddd26
  original:
    subdir: .
    url: https://github.com/purescript/purescript/archive/v0.14.1.tar.gz
snapshots:
- completed:
    size: 565712
    url: https://raw.githubusercontent.com/commercialhaskell/stackage-snapshots/master/lts/17/6.yaml
    sha256: 4e5e581a709c88e3fe26a9ce8bf331435729bead762fb5c190064c6c5bb1b835
  original: lts-17.6
